
Microsoft Visual Studio Solution File, Format Version 12.00
# Visual Studio Version 17
VisualStudioVersion = 17.0.31903.59
MinimumVisualStudioVersion = 10.0.40219.1
Project("{FAE04EC0-301F-11D3-BF4B-00C04F79EFBC}") = "Eventiq.ApiGateway", "Eventiq.ApiGateway\Eventiq.ApiGateway.csproj", "{D82BBAFD-4245-4064-A6FC-59BA9951C536}"
EndProject
Project("{FAE04EC0-301F-11D3-BF4B-00C04F79EFBC}") = "Eventiq.UserService", "Eventiq.UserService\Eventiq.UserService.csproj", "{7B049D1F-57AD-4500-816F-3773DF818030}"
EndProject
Project("{2150E333-8FDC-42A3-9474-1A3956D46DE8}") = "Solution Items", "Solution Items", "{646E3397-646F-42D3-986B-847F39AB39E3}"
	ProjectSection(SolutionItems) = preProject
		compose.yaml = compose.yaml
	EndProjectSection
EndProject
Project("{FAE04EC0-301F-11D3-BF4B-00C04F79EFBC}") = "Eventiq.Logging", "Eventiq.Logging\Eventiq.Logging.csproj", "{A85C5A92-7E6C-40DE-B030-BFEED361B30D}"
EndProject
Project("{FAE04EC0-301F-11D3-BF4B-00C04F79EFBC}") = "Eventiq.OrganizationService", "Eventiq.OrganizationService\Eventiq.OrganizationService.csproj", "{B1C2D3E4-5678-90AB-CDEF-1234567890AB}"
EndProject
Project("{FAE04EC0-301F-11D3-BF4B-00C04F79EFBC}") = "Eventiq.Contracts", "Eventiq.Contracts\Eventiq.Contracts.csproj", "{DB8B490E-640C-4DE0-B8B2-E3DAF0EEF045}"
EndProject
Global
	GlobalSection(SolutionConfigurationPlatforms) = preSolution
		Debug|Any CPU = Debug|Any CPU
		Release|Any CPU = Release|Any CPU
	EndGlobalSection
	GlobalSection(SolutionProperties) = preSolution
		HideSolutionNode = FALSE
	EndGlobalSection
	GlobalSection(ProjectConfigurationPlatforms) = postSolution
		{D82BBAFD-4245-4064-A6FC-59BA9951C536}.Debug|Any CPU.ActiveCfg = Debug|Any CPU
		{D82BBAFD-4245-4064-A6FC-59BA9951C536}.Debug|Any CPU.Build.0 = Debug|Any CPU
		{D82BBAFD-4245-4064-A6FC-59BA9951C536}.Release|Any CPU.ActiveCfg = Release|Any CPU
		{D82BBAFD-4245-4064-A6FC-59BA9951C536}.Release|Any CPU.Build.0 = Release|Any CPU
		{7B049D1F-57AD-4500-816F-3773DF818030}.Debug|Any CPU.ActiveCfg = Debug|Any CPU
		{7B049D1F-57AD-4500-816F-3773DF818030}.Debug|Any CPU.Build.0 = Debug|Any CPU
		{7B049D1F-57AD-4500-816F-3773DF818030}.Release|Any CPU.ActiveCfg = Release|Any CPU
		{7B049D1F-57AD-4500-816F-3773DF818030}.Release|Any CPU.Build.0 = Release|Any CPU
		{A85C5A92-7E6C-40DE-B030-BFEED361B30D}.Debug|Any CPU.ActiveCfg = Debug|Any CPU
		{A85C5A92-7E6C-40DE-B030-BFEED361B30D}.Debug|Any CPU.Build.0 = Debug|Any CPU
		{A85C5A92-7E6C-40DE-B030-BFEED361B30D}.Release|Any CPU.ActiveCfg = Release|Any CPU
		{A85C5A92-7E6C-40DE-B030-BFEED361B30D}.Release|Any CPU.Build.0 = Release|Any CPU
		{B1C2D3E4-5678-90AB-CDEF-1234567890AB}.Debug|Any CPU.ActiveCfg = Debug|Any CPU
		{B1C2D3E4-5678-90AB-CDEF-1234567890AB}.Debug|Any CPU.Build.0 = Debug|Any CPU
		{B1C2D3E4-5678-90AB-CDEF-1234567890AB}.Release|Any CPU.ActiveCfg = Release|Any CPU
		{B1C2D3E4-5678-90AB-CDEF-1234567890AB}.Release|Any CPU.Build.0 = Release|Any CPU
		{DB8B490E-640C-4DE0-B8B2-E3DAF0EEF045}.Debug|Any CPU.ActiveCfg = Debug|Any CPU
		{DB8B490E-640C-4DE0-B8B2-E3DAF0EEF045}.Debug|Any CPU.Build.0 = Debug|Any CPU
		{DB8B490E-640C-4DE0-B8B2-E3DAF0EEF045}.Release|Any CPU.ActiveCfg = Release|Any CPU
		{DB8B490E-640C-4DE0-B8B2-E3DAF0EEF045}.Release|Any CPU.Build.0 = Release|Any CPU
	EndGlobalSection
EndGlobal
